// !$*UTF8*$!
{
	archiveVersion = 1;
	classes = {
	};
	objectVersion = 46;
	objects = {

/* Begin PBXBuildFile section */
		264EBB631D2E023D00FF8373 /* main.m in Sources */ = {isa = PBXBuildFile; fileRef = 264EBB621D2E023D00FF8373 /* main.m */; };
		264EBB661D2E023D00FF8373 /* IBLAppDelegate.m in Sources */ = {isa = PBXBuildFile; fileRef = 264EBB651D2E023D00FF8373 /* IBLAppDelegate.m */; };
		264EBB6C1D2E023D00FF8373 /* Main.storyboard in Resources */ = {isa = PBXBuildFile; fileRef = 264EBB6A1D2E023D00FF8373 /* Main.storyboard */; };
		264EBB6E1D2E023D00FF8373 /* Assets.xcassets in Resources */ = {isa = PBXBuildFile; fileRef = 264EBB6D1D2E023D00FF8373 /* Assets.xcassets */; };
		264EBB711D2E023D00FF8373 /* LaunchScreen.storyboard in Resources */ = {isa = PBXBuildFile; fileRef = 264EBB6F1D2E023D00FF8373 /* LaunchScreen.storyboard */; };
		264EBB7C1D2E023D00FF8373 /* IBLWorkFlowTests.m in Sources */ = {isa = PBXBuildFile; fileRef = 264EBB7B1D2E023D00FF8373 /* IBLWorkFlowTests.m */; };
		264EBB871D2E023D00FF8373 /* IBLWorkFlowUITests.m in Sources */ = {isa = PBXBuildFile; fileRef = 264EBB861D2E023D00FF8373 /* IBLWorkFlowUITests.m */; };
		264EBB961D2E2A3600FF8373 /* IBLNetworkServices.m in Sources */ = {isa = PBXBuildFile; fileRef = 264EBB951D2E2A3600FF8373 /* IBLNetworkServices.m */; };
		264EBB991D2E2BC200FF8373 /* IBLRepository.m in Sources */ = {isa = PBXBuildFile; fileRef = 264EBB981D2E2BC200FF8373 /* IBLRepository.m */; };
		264EBB9C1D2E2BD400FF8373 /* IBLUserRepository.m in Sources */ = {isa = PBXBuildFile; fileRef = 264EBB9B1D2E2BD400FF8373 /* IBLUserRepository.m */; };
		264EBB9F1D2E2BE200FF8373 /* IBLUseCase.m in Sources */ = {isa = PBXBuildFile; fileRef = 264EBB9E1D2E2BE200FF8373 /* IBLUseCase.m */; };
		264EBBA21D2E2C1300FF8373 /* IBLFetchUser.m in Sources */ = {isa = PBXBuildFile; fileRef = 264EBBA11D2E2C1300FF8373 /* IBLFetchUser.m */; };
		5B8757B04D26803E3A8D923B /* IBLRootViewController.m in Sources */ = {isa = PBXBuildFile; fileRef = 5B875FB5811336EE05248DB0 /* IBLRootViewController.m */; };
		916C3F0C4BE6724553A38E60 /* libPods-IBLWorkFlowUITests.a in Frameworks */ = {isa = PBXBuildFile; fileRef = EDBB83F272FFCA67F7EB540F /* libPods-IBLWorkFlowUITests.a */; };
		A65A0C0791A2265EA181E5F9 /* libPods-IBLWorkFlowTests.a in Frameworks */ = {isa = PBXBuildFile; fileRef = 6E433358CA65938BCD45847C /* libPods-IBLWorkFlowTests.a */; };
		C29699C982E6C6E8F36F7C33 /* libPods-IBLWorkFlow.a in Frameworks */ = {isa = PBXBuildFile; fileRef = 75ECACC7C53EB3B0DA024790 /* libPods-IBLWorkFlow.a */; };
/* End PBXBuildFile section */

/* Begin PBXContainerItemProxy section */
		264EBB781D2E023D00FF8373 /* PBXContainerItemProxy */ = {
			isa = PBXContainerItemProxy;
			containerPortal = 264EBB561D2E023C00FF8373 /* Project object */;
			proxyType = 1;
			remoteGlobalIDString = 264EBB5D1D2E023C00FF8373;
			remoteInfo = IBLWorkFlow;
		};
		264EBB831D2E023D00FF8373 /* PBXContainerItemProxy */ = {
			isa = PBXContainerItemProxy;
			containerPortal = 264EBB561D2E023C00FF8373 /* Project object */;
			proxyType = 1;
			remoteGlobalIDString = 264EBB5D1D2E023C00FF8373;
			remoteInfo = IBLWorkFlow;
		};
/* End PBXContainerItemProxy section */

/* Begin PBXFileReference section */
		264EBB5E1D2E023C00FF8373 /* IBLWorkFlow.app */ = {isa = PBXFileReference; explicitFileType = wrapper.application; includeInIndex = 0; path = IBLWorkFlow.app; sourceTree = BUILT_PRODUCTS_DIR; };
		264EBB621D2E023D00FF8373 /* main.m */ = {isa = PBXFileReference; lastKnownFileType = sourcecode.c.objc; path = main.m; sourceTree = "<group>"; };
		264EBB641D2E023D00FF8373 /* IBLAppDelegate.h */ = {isa = PBXFileReference; lastKnownFileType = sourcecode.c.h; path = IBLAppDelegate.h; sourceTree = "<group>"; };
		264EBB651D2E023D00FF8373 /* IBLAppDelegate.m */ = {isa = PBXFileReference; lastKnownFileType = sourcecode.c.objc; path = IBLAppDelegate.m; sourceTree = "<group>"; };
		264EBB6B1D2E023D00FF8373 /* Base */ = {isa = PBXFileReference; lastKnownFileType = file.storyboard; name = Base; path = Base.lproj/Main.storyboard; sourceTree = "<group>"; };
		264EBB6D1D2E023D00FF8373 /* Assets.xcassets */ = {isa = PBXFileReference; lastKnownFileType = folder.assetcatalog; path = Assets.xcassets; sourceTree = "<group>"; };
		264EBB701D2E023D00FF8373 /* Base */ = {isa = PBXFileReference; lastKnownFileType = file.storyboard; name = Base; path = Base.lproj/LaunchScreen.storyboard; sourceTree = "<group>"; };
		264EBB721D2E023D00FF8373 /* Info.plist */ = {isa = PBXFileReference; lastKnownFileType = text.plist.xml; path = Info.plist; sourceTree = "<group>"; };
		264EBB771D2E023D00FF8373 /* IBLWorkFlowTests.xctest */ = {isa = PBXFileReference; explicitFileType = wrapper.cfbundle; includeInIndex = 0; path = IBLWorkFlowTests.xctest; sourceTree = BUILT_PRODUCTS_DIR; };
		264EBB7B1D2E023D00FF8373 /* IBLWorkFlowTests.m */ = {isa = PBXFileReference; lastKnownFileType = sourcecode.c.objc; path = IBLWorkFlowTests.m; sourceTree = "<group>"; };
		264EBB7D1D2E023D00FF8373 /* Info.plist */ = {isa = PBXFileReference; lastKnownFileType = text.plist.xml; path = Info.plist; sourceTree = "<group>"; };
		264EBB821D2E023D00FF8373 /* IBLWorkFlowUITests.xctest */ = {isa = PBXFileReference; explicitFileType = wrapper.cfbundle; includeInIndex = 0; path = IBLWorkFlowUITests.xctest; sourceTree = BUILT_PRODUCTS_DIR; };
		264EBB861D2E023D00FF8373 /* IBLWorkFlowUITests.m */ = {isa = PBXFileReference; lastKnownFileType = sourcecode.c.objc; path = IBLWorkFlowUITests.m; sourceTree = "<group>"; };
		264EBB881D2E023D00FF8373 /* Info.plist */ = {isa = PBXFileReference; lastKnownFileType = text.plist.xml; path = Info.plist; sourceTree = "<group>"; };
		264EBB941D2E2A3600FF8373 /* IBLNetworkServices.h */ = {isa = PBXFileReference; fileEncoding = 4; lastKnownFileType = sourcecode.c.h; path = IBLNetworkServices.h; sourceTree = "<group>"; };
		264EBB951D2E2A3600FF8373 /* IBLNetworkServices.m */ = {isa = PBXFileReference; fileEncoding = 4; lastKnownFileType = sourcecode.c.objc; path = IBLNetworkServices.m; sourceTree = "<group>"; };
		264EBB971D2E2BC200FF8373 /* IBLRepository.h */ = {isa = PBXFileReference; fileEncoding = 4; lastKnownFileType = sourcecode.c.h; path = IBLRepository.h; sourceTree = "<group>"; };
		264EBB981D2E2BC200FF8373 /* IBLRepository.m */ = {isa = PBXFileReference; fileEncoding = 4; lastKnownFileType = sourcecode.c.objc; path = IBLRepository.m; sourceTree = "<group>"; };
		264EBB9A1D2E2BD400FF8373 /* IBLUserRepository.h */ = {isa = PBXFileReference; fileEncoding = 4; lastKnownFileType = sourcecode.c.h; path = IBLUserRepository.h; sourceTree = "<group>"; };
		264EBB9B1D2E2BD400FF8373 /* IBLUserRepository.m */ = {isa = PBXFileReference; fileEncoding = 4; lastKnownFileType = sourcecode.c.objc; path = IBLUserRepository.m; sourceTree = "<group>"; };
		264EBB9D1D2E2BE200FF8373 /* IBLUseCase.h */ = {isa = PBXFileReference; fileEncoding = 4; lastKnownFileType = sourcecode.c.h; path = IBLUseCase.h; sourceTree = "<group>"; };
		264EBB9E1D2E2BE200FF8373 /* IBLUseCase.m */ = {isa = PBXFileReference; fileEncoding = 4; lastKnownFileType = sourcecode.c.objc; path = IBLUseCase.m; sourceTree = "<group>"; };
		264EBBA01D2E2C1300FF8373 /* IBLFetchUser.h */ = {isa = PBXFileReference; fileEncoding = 4; lastKnownFileType = sourcecode.c.h; path = IBLFetchUser.h; sourceTree = "<group>"; };
		264EBBA11D2E2C1300FF8373 /* IBLFetchUser.m */ = {isa = PBXFileReference; fileEncoding = 4; lastKnownFileType = sourcecode.c.objc; path = IBLFetchUser.m; sourceTree = "<group>"; };
		3827AAE8534D1CF41CA1D789 /* Pods-IBLWorkFlowUITests.debug.xcconfig */ = {isa = PBXFileReference; includeInIndex = 1; lastKnownFileType = text.xcconfig; name = "Pods-IBLWorkFlowUITests.debug.xcconfig"; path = "Pods/Target Support Files/Pods-IBLWorkFlowUITests/Pods-IBLWorkFlowUITests.debug.xcconfig"; sourceTree = "<group>"; };
		3BC523A9AC89C5F1273C45C7 /* Pods-IBLWorkFlowUITests.release.xcconfig */ = {isa = PBXFileReference; includeInIndex = 1; lastKnownFileType = text.xcconfig; name = "Pods-IBLWorkFlowUITests.release.xcconfig"; path = "Pods/Target Support Files/Pods-IBLWorkFlowUITests/Pods-IBLWorkFlowUITests.release.xcconfig"; sourceTree = "<group>"; };
		4421433E1B53EEC5E521C458 /* Pods-IBLWorkFlow.release.xcconfig */ = {isa = PBXFileReference; includeInIndex = 1; lastKnownFileType = text.xcconfig; name = "Pods-IBLWorkFlow.release.xcconfig"; path = "Pods/Target Support Files/Pods-IBLWorkFlow/Pods-IBLWorkFlow.release.xcconfig"; sourceTree = "<group>"; };
		565A3BAEBC81E00A178005D9 /* Pods-IBLWorkFlow.debug.xcconfig */ = {isa = PBXFileReference; includeInIndex = 1; lastKnownFileType = text.xcconfig; name = "Pods-IBLWorkFlow.debug.xcconfig"; path = "Pods/Target Support Files/Pods-IBLWorkFlow/Pods-IBLWorkFlow.debug.xcconfig"; sourceTree = "<group>"; };
		5B87572F5D7F00B76DFCC5CD /* IBLRootViewController.h */ = {isa = PBXFileReference; fileEncoding = 4; lastKnownFileType = sourcecode.c.h; path = IBLRootViewController.h; sourceTree = "<group>"; };
		5B875FB5811336EE05248DB0 /* IBLRootViewController.m */ = {isa = PBXFileReference; fileEncoding = 4; lastKnownFileType = sourcecode.c.objc; path = IBLRootViewController.m; sourceTree = "<group>"; };
		6E433358CA65938BCD45847C /* libPods-IBLWorkFlowTests.a */ = {isa = PBXFileReference; explicitFileType = archive.ar; includeInIndex = 0; path = "libPods-IBLWorkFlowTests.a"; sourceTree = BUILT_PRODUCTS_DIR; };
		71CE4008BC85C8F72C9CAFDA /* Pods-IBLWorkFlowTests.debug.xcconfig */ = {isa = PBXFileReference; includeInIndex = 1; lastKnownFileType = text.xcconfig; name = "Pods-IBLWorkFlowTests.debug.xcconfig"; path = "Pods/Target Support Files/Pods-IBLWorkFlowTests/Pods-IBLWorkFlowTests.debug.xcconfig"; sourceTree = "<group>"; };
		75ECACC7C53EB3B0DA024790 /* libPods-IBLWorkFlow.a */ = {isa = PBXFileReference; explicitFileType = archive.ar; includeInIndex = 0; path = "libPods-IBLWorkFlow.a"; sourceTree = BUILT_PRODUCTS_DIR; };
		913F6EEE4C94B3F5A9F26D48 /* Pods-IBLWorkFlowTests.release.xcconfig */ = {isa = PBXFileReference; includeInIndex = 1; lastKnownFileType = text.xcconfig; name = "Pods-IBLWorkFlowTests.release.xcconfig"; path = "Pods/Target Support Files/Pods-IBLWorkFlowTests/Pods-IBLWorkFlowTests.release.xcconfig"; sourceTree = "<group>"; };
		EDBB83F272FFCA67F7EB540F /* libPods-IBLWorkFlowUITests.a */ = {isa = PBXFileReference; explicitFileType = archive.ar; includeInIndex = 0; path = "libPods-IBLWorkFlowUITests.a"; sourceTree = BUILT_PRODUCTS_DIR; };
/* End PBXFileReference section */

/* Begin PBXFrameworksBuildPhase section */
		264EBB5B1D2E023C00FF8373 /* Frameworks */ = {
			isa = PBXFrameworksBuildPhase;
			buildActionMask = 2147483647;
			files = (
				C29699C982E6C6E8F36F7C33 /* libPods-IBLWorkFlow.a in Frameworks */,
			);
			runOnlyForDeploymentPostprocessing = 0;
		};
		264EBB741D2E023D00FF8373 /* Frameworks */ = {
			isa = PBXFrameworksBuildPhase;
			buildActionMask = 2147483647;
			files = (
				A65A0C0791A2265EA181E5F9 /* libPods-IBLWorkFlowTests.a in Frameworks */,
			);
			runOnlyForDeploymentPostprocessing = 0;
		};
		264EBB7F1D2E023D00FF8373 /* Frameworks */ = {
			isa = PBXFrameworksBuildPhase;
			buildActionMask = 2147483647;
			files = (
				916C3F0C4BE6724553A38E60 /* libPods-IBLWorkFlowUITests.a in Frameworks */,
			);
			runOnlyForDeploymentPostprocessing = 0;
		};
/* End PBXFrameworksBuildPhase section */

/* Begin PBXGroup section */
		264EBB551D2E023C00FF8373 = {
			isa = PBXGroup;
			children = (
				264EBB601D2E023D00FF8373 /* IBLWorkFlow */,
				264EBB7A1D2E023D00FF8373 /* IBLWorkFlowTests */,
				264EBB851D2E023D00FF8373 /* IBLWorkFlowUITests */,
				264EBB5F1D2E023C00FF8373 /* Products */,
				E05F88B3EA69C1FB17D8BF1C /* Pods */,
				C6505BA9493FBCA3FC914E33 /* Frameworks */,
			);
			sourceTree = "<group>";
		};
		264EBB5F1D2E023C00FF8373 /* Products */ = {
			isa = PBXGroup;
			children = (
				264EBB5E1D2E023C00FF8373 /* IBLWorkFlow.app */,
				264EBB771D2E023D00FF8373 /* IBLWorkFlowTests.xctest */,
				264EBB821D2E023D00FF8373 /* IBLWorkFlowUITests.xctest */,
			);
			name = Products;
			sourceTree = "<group>";
		};
		264EBB601D2E023D00FF8373 /* IBLWorkFlow */ = {
			isa = PBXGroup;
			children = (
				264EBB641D2E023D00FF8373 /* IBLAppDelegate.h */,
				264EBB651D2E023D00FF8373 /* IBLAppDelegate.m */,
				5B875E9D723F8984F0BCE45E /* Data */,
				5B8756393D8832BC27E843E8 /* Domain */,
				5B8759707A174B6EF9CD682D /* Views */,
				5B8755A968BB28708B32E32F /* ViewModels */,
				5B87540258EE7F5BCE66BC19 /* Models */,
				5B8753A10C9EEFD98D1ED3D5 /* Services */,
				5B875B3E9B520BF0A0F77607 /* Extensions */,
				264EBB6A1D2E023D00FF8373 /* Main.storyboard */,
				264EBB6D1D2E023D00FF8373 /* Assets.xcassets */,
				264EBB6F1D2E023D00FF8373 /* LaunchScreen.storyboard */,
				264EBB721D2E023D00FF8373 /* Info.plist */,
				264EBB611D2E023D00FF8373 /* Supporting Files */,
			);
			path = IBLWorkFlow;
			sourceTree = "<group>";
		};
		264EBB611D2E023D00FF8373 /* Supporting Files */ = {
			isa = PBXGroup;
			children = (
				264EBB621D2E023D00FF8373 /* main.m */,
			);
			name = "Supporting Files";
			sourceTree = "<group>";
		};
		264EBB7A1D2E023D00FF8373 /* IBLWorkFlowTests */ = {
			isa = PBXGroup;
			children = (
				264EBB7B1D2E023D00FF8373 /* IBLWorkFlowTests.m */,
				264EBB7D1D2E023D00FF8373 /* Info.plist */,
			);
			path = IBLWorkFlowTests;
			sourceTree = "<group>";
		};
		264EBB851D2E023D00FF8373 /* IBLWorkFlowUITests */ = {
			isa = PBXGroup;
			children = (
				264EBB861D2E023D00FF8373 /* IBLWorkFlowUITests.m */,
				264EBB881D2E023D00FF8373 /* Info.plist */,
			);
			path = IBLWorkFlowUITests;
			sourceTree = "<group>";
		};
		5B875135C2C0645AA45CAB6D /* Segues */ = {
			isa = PBXGroup;
			children = (
			);
			path = Segues;
			sourceTree = "<group>";
		};
		5B8753A10C9EEFD98D1ED3D5 /* Services */ = {
			isa = PBXGroup;
			children = (
				5B875D7A6750DCFD07DEE941 /* Network */,
				5B87599E28A6F8521A8C2515 /* Local */,
				5B87558483DFA968DEE92C1A /* Manager */,
			);
			path = Services;
			sourceTree = "<group>";
		};
		5B87540258EE7F5BCE66BC19 /* Models */ = {
			isa = PBXGroup;
			children = (
			);
			path = Models;
			sourceTree = "<group>";
		};
		5B87558483DFA968DEE92C1A /* Manager */ = {
			isa = PBXGroup;
			children = (
			);
			path = Manager;
			sourceTree = "<group>";
		};
		5B8755A968BB28708B32E32F /* ViewModels */ = {
			isa = PBXGroup;
			children = (
			);
			path = ViewModels;
			sourceTree = "<group>";
		};
		5B8756393D8832BC27E843E8 /* Domain */ = {
			isa = PBXGroup;
			children = (
				264EBB9D1D2E2BE200FF8373 /* IBLUseCase.h */,
				264EBB9E1D2E2BE200FF8373 /* IBLUseCase.m */,
				264EBBA01D2E2C1300FF8373 /* IBLFetchUser.h */,
				264EBBA11D2E2C1300FF8373 /* IBLFetchUser.m */,
			);
			path = Domain;
			sourceTree = "<group>";
		};
		5B8759707A174B6EF9CD682D /* Views */ = {
			isa = PBXGroup;
			children = (
				5B87572F5D7F00B76DFCC5CD /* IBLRootViewController.h */,
				5B875FB5811336EE05248DB0 /* IBLRootViewController.m */,
				5B875135C2C0645AA45CAB6D /* Segues */,
			);
			path = Views;
			sourceTree = "<group>";
		};
		5B87599E28A6F8521A8C2515 /* Local */ = {
			isa = PBXGroup;
			children = (
			);
			path = Local;
			sourceTree = "<group>";
		};
		5B875B3E9B520BF0A0F77607 /* Extensions */ = {
			isa = PBXGroup;
			children = (
			);
			path = Extensions;
			sourceTree = "<group>";
		};
		5B875D7A6750DCFD07DEE941 /* Network */ = {
			isa = PBXGroup;
			children = (
				264EBB941D2E2A3600FF8373 /* IBLNetworkServices.h */,
				264EBB951D2E2A3600FF8373 /* IBLNetworkServices.m */,
			);
			path = Network;
			sourceTree = "<group>";
		};
		5B875E9D723F8984F0BCE45E /* Data */ = {
			isa = PBXGroup;
			children = (
				264EBB971D2E2BC200FF8373 /* IBLRepository.h */,
				264EBB981D2E2BC200FF8373 /* IBLRepository.m */,
				264EBB9A1D2E2BD400FF8373 /* IBLUserRepository.h */,
				264EBB9B1D2E2BD400FF8373 /* IBLUserRepository.m */,
			);
			path = Data;
			sourceTree = "<group>";
		};
		C6505BA9493FBCA3FC914E33 /* Frameworks */ = {
			isa = PBXGroup;
			children = (
				75ECACC7C53EB3B0DA024790 /* libPods-IBLWorkFlow.a */,
				6E433358CA65938BCD45847C /* libPods-IBLWorkFlowTests.a */,
				EDBB83F272FFCA67F7EB540F /* libPods-IBLWorkFlowUITests.a */,
			);
			name = Frameworks;
			sourceTree = "<group>";
		};
		E05F88B3EA69C1FB17D8BF1C /* Pods */ = {
			isa = PBXGroup;
			children = (
				565A3BAEBC81E00A178005D9 /* Pods-IBLWorkFlow.debug.xcconfig */,
				4421433E1B53EEC5E521C458 /* Pods-IBLWorkFlow.release.xcconfig */,
				71CE4008BC85C8F72C9CAFDA /* Pods-IBLWorkFlowTests.debug.xcconfig */,
				913F6EEE4C94B3F5A9F26D48 /* Pods-IBLWorkFlowTests.release.xcconfig */,
				3827AAE8534D1CF41CA1D789 /* Pods-IBLWorkFlowUITests.debug.xcconfig */,
				3BC523A9AC89C5F1273C45C7 /* Pods-IBLWorkFlowUITests.release.xcconfig */,
			);
			name = Pods;
			sourceTree = "<group>";
		};
/* End PBXGroup section */

/* Begin PBXNativeTarget section */
		264EBB5D1D2E023C00FF8373 /* IBLWorkFlow */ = {
			isa = PBXNativeTarget;
			buildConfigurationList = 264EBB8B1D2E023D00FF8373 /* Build configuration list for PBXNativeTarget "IBLWorkFlow" */;
			buildPhases = (
				BA5427A1F16C122684614035 /* 📦 Check Pods Manifest.lock */,
				264EBB5A1D2E023C00FF8373 /* Sources */,
				264EBB5B1D2E023C00FF8373 /* Frameworks */,
				264EBB5C1D2E023C00FF8373 /* Resources */,
				0B5B0E85BB9C47B7FA7D0F1C /* 📦 Embed Pods Frameworks */,
				DA973EA62A1941872D4F0FDD /* 📦 Copy Pods Resources */,
			);
			buildRules = (
			);
			dependencies = (
			);
			name = IBLWorkFlow;
			productName = IBLWorkFlow;
			productReference = 264EBB5E1D2E023C00FF8373 /* IBLWorkFlow.app */;
			productType = "com.apple.product-type.application";
		};
		264EBB761D2E023D00FF8373 /* IBLWorkFlowTests */ = {
			isa = PBXNativeTarget;
			buildConfigurationList = 264EBB8E1D2E023D00FF8373 /* Build configuration list for PBXNativeTarget "IBLWorkFlowTests" */;
			buildPhases = (
				6F5C8E104898C1F5C4D8BAE8 /* 📦 Check Pods Manifest.lock */,
				264EBB731D2E023D00FF8373 /* Sources */,
				264EBB741D2E023D00FF8373 /* Frameworks */,
				264EBB751D2E023D00FF8373 /* Resources */,
				4EE10C6DB5613F40F6708116 /* 📦 Embed Pods Frameworks */,
				27C2016761B3FC171C186EB4 /* 📦 Copy Pods Resources */,
			);
			buildRules = (
			);
			dependencies = (
				264EBB791D2E023D00FF8373 /* PBXTargetDependency */,
			);
			name = IBLWorkFlowTests;
			productName = IBLWorkFlowTests;
			productReference = 264EBB771D2E023D00FF8373 /* IBLWorkFlowTests.xctest */;
			productType = "com.apple.product-type.bundle.unit-test";
		};
		264EBB811D2E023D00FF8373 /* IBLWorkFlowUITests */ = {
			isa = PBXNativeTarget;
			buildConfigurationList = 264EBB911D2E023D00FF8373 /* Build configuration list for PBXNativeTarget "IBLWorkFlowUITests" */;
			buildPhases = (
				772F7886837CD4FD16C697BC /* 📦 Check Pods Manifest.lock */,
				264EBB7E1D2E023D00FF8373 /* Sources */,
				264EBB7F1D2E023D00FF8373 /* Frameworks */,
				264EBB801D2E023D00FF8373 /* Resources */,
				2F592ED61006BF532835A2EE /* 📦 Copy Pods Resources */,
			);
			buildRules = (
			);
			dependencies = (
				264EBB841D2E023D00FF8373 /* PBXTargetDependency */,
			);
			name = IBLWorkFlowUITests;
			productName = IBLWorkFlowUITests;
			productReference = 264EBB821D2E023D00FF8373 /* IBLWorkFlowUITests.xctest */;
			productType = "com.apple.product-type.bundle.ui-testing";
		};
/* End PBXNativeTarget section */

/* Begin PBXProject section */
		264EBB561D2E023C00FF8373 /* Project object */ = {
			isa = PBXProject;
			attributes = {
				CLASSPREFIX = IBL;
				LastUpgradeCheck = 0730;
				ORGANIZATIONNAME = IBL;
				TargetAttributes = {
					264EBB5D1D2E023C00FF8373 = {
						CreatedOnToolsVersion = 7.3;
					};
					264EBB761D2E023D00FF8373 = {
						CreatedOnToolsVersion = 7.3;
						TestTargetID = 264EBB5D1D2E023C00FF8373;
					};
					264EBB811D2E023D00FF8373 = {
						CreatedOnToolsVersion = 7.3;
						TestTargetID = 264EBB5D1D2E023C00FF8373;
					};
				};
			};
			buildConfigurationList = 264EBB591D2E023C00FF8373 /* Build configuration list for PBXProject "IBLWorkFlow" */;
			compatibilityVersion = "Xcode 3.2";
			developmentRegion = English;
			hasScannedForEncodings = 0;
			knownRegions = (
				en,
				Base,
			);
			mainGroup = 264EBB551D2E023C00FF8373;
			productRefGroup = 264EBB5F1D2E023C00FF8373 /* Products */;
			projectDirPath = "";
			projectRoot = "";
			targets = (
				264EBB5D1D2E023C00FF8373 /* IBLWorkFlow */,
				264EBB761D2E023D00FF8373 /* IBLWorkFlowTests */,
				264EBB811D2E023D00FF8373 /* IBLWorkFlowUITests */,
			);
		};
/* End PBXProject section */

/* Begin PBXResourcesBuildPhase section */
		264EBB5C1D2E023C00FF8373 /* Resources */ = {
			isa = PBXResourcesBuildPhase;
			buildActionMask = 2147483647;
			files = (
				264EBB711D2E023D00FF8373 /* LaunchScreen.storyboard in Resources */,
				264EBB6E1D2E023D00FF8373 /* Assets.xcassets in Resources */,
				264EBB6C1D2E023D00FF8373 /* Main.storyboard in Resources */,
			);
			runOnlyForDeploymentPostprocessing = 0;
		};
		264EBB751D2E023D00FF8373 /* Resources */ = {
			isa = PBXResourcesBuildPhase;
			buildActionMask = 2147483647;
			files = (
			);
			runOnlyForDeploymentPostprocessing = 0;
		};
		264EBB801D2E023D00FF8373 /* Resources */ = {
			isa = PBXResourcesBuildPhase;
			buildActionMask = 2147483647;
			files = (
			);
			runOnlyForDeploymentPostprocessing = 0;
		};
/* End PBXResourcesBuildPhase section */

/* Begin PBXShellScriptBuildPhase section */
		0B5B0E85BB9C47B7FA7D0F1C /* 📦 Embed Pods Frameworks */ = {
			isa = PBXShellScriptBuildPhase;
			buildActionMask = 2147483647;
			files = (
			);
			inputPaths = (
			);
			name = "📦 Embed Pods Frameworks";
			outputPaths = (
			);
			runOnlyForDeploymentPostprocessing = 0;
			shellPath = /bin/sh;
			shellScript = "\"${SRCROOT}/Pods/Target Support Files/Pods-IBLWorkFlow/Pods-IBLWorkFlow-frameworks.sh\"\n";
			showEnvVarsInLog = 0;
		};
		27C2016761B3FC171C186EB4 /* 📦 Copy Pods Resources */ = {
			isa = PBXShellScriptBuildPhase;
			buildActionMask = 2147483647;
			files = (
			);
			inputPaths = (
			);
			name = "📦 Copy Pods Resources";
			outputPaths = (
			);
			runOnlyForDeploymentPostprocessing = 0;
			shellPath = /bin/sh;
			shellScript = "\"${SRCROOT}/Pods/Target Support Files/Pods-IBLWorkFlowTests/Pods-IBLWorkFlowTests-resources.sh\"\n";
			showEnvVarsInLog = 0;
		};
		2F592ED61006BF532835A2EE /* 📦 Copy Pods Resources */ = {
			isa = PBXShellScriptBuildPhase;
			buildActionMask = 2147483647;
			files = (
			);
			inputPaths = (
			);
			name = "📦 Copy Pods Resources";
			outputPaths = (
			);
			runOnlyForDeploymentPostprocessing = 0;
			shellPath = /bin/sh;
			shellScript = "\"${SRCROOT}/Pods/Target Support Files/Pods-IBLWorkFlowUITests/Pods-IBLWorkFlowUITests-resources.sh\"\n";
			showEnvVarsInLog = 0;
		};
		4EE10C6DB5613F40F6708116 /* 📦 Embed Pods Frameworks */ = {
			isa = PBXShellScriptBuildPhase;
			buildActionMask = 2147483647;
			files = (
			);
			inputPaths = (
			);
			name = "📦 Embed Pods Frameworks";
			outputPaths = (
			);
			runOnlyForDeploymentPostprocessing = 0;
			shellPath = /bin/sh;
			shellScript = "\"${SRCROOT}/Pods/Target Support Files/Pods-IBLWorkFlowTests/Pods-IBLWorkFlowTests-frameworks.sh\"\n";
			showEnvVarsInLog = 0;
		};
		6F5C8E104898C1F5C4D8BAE8 /* 📦 Check Pods Manifest.lock */ = {
			isa = PBXShellScriptBuildPhase;
			buildActionMask = 2147483647;
			files = (
			);
			inputPaths = (
			);
			name = "📦 Check Pods Manifest.lock";
			outputPaths = (
			);
			runOnlyForDeploymentPostprocessing = 0;
			shellPath = /bin/sh;
			shellScript = "diff \"${PODS_ROOT}/../Podfile.lock\" \"${PODS_ROOT}/Manifest.lock\" > /dev/null\nif [[ $? != 0 ]] ; then\n    cat << EOM\nerror: The sandbox is not in sync with the Podfile.lock. Run 'pod install' or update your CocoaPods installation.\nEOM\n    exit 1\nfi\n";
			showEnvVarsInLog = 0;
		};
		772F7886837CD4FD16C697BC /* 📦 Check Pods Manifest.lock */ = {
			isa = PBXShellScriptBuildPhase;
			buildActionMask = 2147483647;
			files = (
			);
			inputPaths = (
			);
			name = "📦 Check Pods Manifest.lock";
			outputPaths = (
			);
			runOnlyForDeploymentPostprocessing = 0;
			shellPath = /bin/sh;
			shellScript = "diff \"${PODS_ROOT}/../Podfile.lock\" \"${PODS_ROOT}/Manifest.lock\" > /dev/null\nif [[ $? != 0 ]] ; then\n    cat << EOM\nerror: The sandbox is not in sync with the Podfile.lock. Run 'pod install' or update your CocoaPods installation.\nEOM\n    exit 1\nfi\n";
			showEnvVarsInLog = 0;
		};
		BA5427A1F16C122684614035 /* 📦 Check Pods Manifest.lock */ = {
			isa = PBXShellScriptBuildPhase;
			buildActionMask = 2147483647;
			files = (
			);
			inputPaths = (
			);
			name = "📦 Check Pods Manifest.lock";
			outputPaths = (
			);
			runOnlyForDeploymentPostprocessing = 0;
			shellPath = /bin/sh;
			shellScript = "diff \"${PODS_ROOT}/../Podfile.lock\" \"${PODS_ROOT}/Manifest.lock\" > /dev/null\nif [[ $? != 0 ]] ; then\n    cat << EOM\nerror: The sandbox is not in sync with the Podfile.lock. Run 'pod install' or update your CocoaPods installation.\nEOM\n    exit 1\nfi\n";
			showEnvVarsInLog = 0;
		};
		DA973EA62A1941872D4F0FDD /* 📦 Copy Pods Resources */ = {
			isa = PBXShellScriptBuildPhase;
			buildActionMask = 2147483647;
			files = (
			);
			inputPaths = (
			);
			name = "📦 Copy Pods Resources";
			outputPaths = (
			);
			runOnlyForDeploymentPostprocessing = 0;
			shellPath = /bin/sh;
			shellScript = "\"${SRCROOT}/Pods/Target Support Files/Pods-IBLWorkFlow/Pods-IBLWorkFlow-resources.sh\"\n";
			showEnvVarsInLog = 0;
		};
/* End PBXShellScriptBuildPhase section */

/* Begin PBXSourcesBuildPhase section */
		264EBB5A1D2E023C00FF8373 /* Sources */ = {
			isa = PBXSourcesBuildPhase;
			buildActionMask = 2147483647;
			files = (
				264EBB9F1D2E2BE200FF8373 /* IBLUseCase.m in Sources */,
				264EBBA21D2E2C1300FF8373 /* IBLFetchUser.m in Sources */,
				264EBB9C1D2E2BD400FF8373 /* IBLUserRepository.m in Sources */,
				264EBB961D2E2A3600FF8373 /* IBLNetworkServices.m in Sources */,
				264EBB661D2E023D00FF8373 /* IBLAppDelegate.m in Sources */,
				264EBB631D2E023D00FF8373 /* main.m in Sources */,
				264EBB991D2E2BC200FF8373 /* IBLRepository.m in Sources */,
				5B8757B04D26803E3A8D923B /* IBLRootViewController.m in Sources */,
			);
			runOnlyForDeploymentPostprocessing = 0;
		};
		264EBB731D2E023D00FF8373 /* Sources */ = {
			isa = PBXSourcesBuildPhase;
			buildActionMask = 2147483647;
			files = (
				264EBB7C1D2E023D00FF8373 /* IBLWorkFlowTests.m in Sources */,
			);
			runOnlyForDeploymentPostprocessing = 0;
		};
		264EBB7E1D2E023D00FF8373 /* Sources */ = {
			isa = PBXSourcesBuildPhase;
			buildActionMask = 2147483647;
			files = (
				264EBB871D2E023D00FF8373 /* IBLWorkFlowUITests.m in Sources */,
			);
			runOnlyForDeploymentPostprocessing = 0;
		};
/* End PBXSourcesBuildPhase section */

/* Begin PBXTargetDependency section */
		264EBB791D2E023D00FF8373 /* PBXTargetDependency */ = {
			isa = PBXTargetDependency;
			target = 264EBB5D1D2E023C00FF8373 /* IBLWorkFlow */;
			targetProxy = 264EBB781D2E023D00FF8373 /* PBXContainerItemProxy */;
		};
		264EBB841D2E023D00FF8373 /* PBXTargetDependency */ = {
			isa = PBXTargetDependency;
			target = 264EBB5D1D2E023C00FF8373 /* IBLWorkFlow */;
			targetProxy = 264EBB831D2E023D00FF8373 /* PBXContainerItemProxy */;
		};
/* End PBXTargetDependency section */

/* Begin PBXVariantGroup section */
		264EBB6A1D2E023D00FF8373 /* Main.storyboard */ = {
			isa = PBXVariantGroup;
			children = (
				264EBB6B1D2E023D00FF8373 /* Base */,
			);
			name = Main.storyboard;
			sourceTree = "<group>";
		};
		264EBB6F1D2E023D00FF8373 /* LaunchScreen.storyboard */ = {
			isa = PBXVariantGroup;
			children = (
				264EBB701D2E023D00FF8373 /* Base */,
			);
			name = LaunchScreen.storyboard;
			sourceTree = "<group>";
		};
/* End PBXVariantGroup section */

/* Begin XCBuildConfiguration section */
		264EBB891D2E023D00FF8373 /* Debug */ = {
			isa = XCBuildConfiguration;
			buildSettings = {
				ALWAYS_SEARCH_USER_PATHS = NO;
				CLANG_ANALYZER_NONNULL = YES;
				CLANG_CXX_LANGUAGE_STANDARD = "gnu++0x";
				CLANG_CXX_LIBRARY = "libc++";
				CLANG_ENABLE_MODULES = YES;
				CLANG_ENABLE_OBJC_ARC = YES;
				CLANG_WARN_BOOL_CONVERSION = YES;
				CLANG_WARN_CONSTANT_CONVERSION = YES;
				CLANG_WARN_DIRECT_OBJC_ISA_USAGE = YES_ERROR;
				CLANG_WARN_EMPTY_BODY = YES;
				CLANG_WARN_ENUM_CONVERSION = YES;
				CLANG_WARN_INT_CONVERSION = YES;
				CLANG_WARN_OBJC_ROOT_CLASS = YES_ERROR;
				CLANG_WARN_UNREACHABLE_CODE = YES;
				CLANG_WARN__DUPLICATE_METHOD_MATCH = YES;
				"CODE_SIGN_IDENTITY[sdk=iphoneos*]" = "iPhone Developer";
				COPY_PHASE_STRIP = NO;
				DEBUG_INFORMATION_FORMAT = dwarf;
				ENABLE_STRICT_OBJC_MSGSEND = YES;
				ENABLE_TESTABILITY = YES;
				GCC_C_LANGUAGE_STANDARD = gnu99;
				GCC_DYNAMIC_NO_PIC = NO;
				GCC_NO_COMMON_BLOCKS = YES;
				GCC_OPTIMIZATION_LEVEL = 0;
				GCC_PREPROCESSOR_DEFINITIONS = (
					"DEBUG=1",
					"$(inherited)",
				);
				GCC_WARN_64_TO_32_BIT_CONVERSION = YES;
				GCC_WARN_ABOUT_RETURN_TYPE = YES_ERROR;
				GCC_WARN_UNDECLARED_SELECTOR = YES;
				GCC_WARN_UNINITIALIZED_AUTOS = YES_AGGRESSIVE;
				GCC_WARN_UNUSED_FUNCTION = YES;
				GCC_WARN_UNUSED_VARIABLE = YES;
				IPHONEOS_DEPLOYMENT_TARGET = 9.3;
				MTL_ENABLE_DEBUG_INFO = YES;
				ONLY_ACTIVE_ARCH = YES;
				SDKROOT = iphoneos;
				TARGETED_DEVICE_FAMILY = "1,2";
			};
			name = Debug;
		};
		264EBB8A1D2E023D00FF8373 /* Release */ = {
			isa = XCBuildConfiguration;
			buildSettings = {
				ALWAYS_SEARCH_USER_PATHS = NO;
				CLANG_ANALYZER_NONNULL = YES;
				CLANG_CXX_LANGUAGE_STANDARD = "gnu++0x";
				CLANG_CXX_LIBRARY = "libc++";
				CLANG_ENABLE_MODULES = YES;
				CLANG_ENABLE_OBJC_ARC = YES;
				CLANG_WARN_BOOL_CONVERSION = YES;
				CLANG_WARN_CONSTANT_CONVERSION = YES;
				CLANG_WARN_DIRECT_OBJC_ISA_USAGE = YES_ERROR;
				CLANG_WARN_EMPTY_BODY = YES;
				CLANG_WARN_ENUM_CONVERSION = YES;
				CLANG_WARN_INT_CONVERSION = YES;
				CLANG_WARN_OBJC_ROOT_CLASS = YES_ERROR;
				CLANG_WARN_UNREACHABLE_CODE = YES;
				CLANG_WARN__DUPLICATE_METHOD_MATCH = YES;
				"CODE_SIGN_IDENTITY[sdk=iphoneos*]" = "iPhone Developer";
				COPY_PHASE_STRIP = NO;
				DEBUG_INFORMATION_FORMAT = "dwarf-with-dsym";
				ENABLE_NS_ASSERTIONS = NO;
				ENABLE_STRICT_OBJC_MSGSEND = YES;
				GCC_C_LANGUAGE_STANDARD = gnu99;
				GCC_NO_COMMON_BLOCKS = YES;
				GCC_WARN_64_TO_32_BIT_CONVERSION = YES;
				GCC_WARN_ABOUT_RETURN_TYPE = YES_ERROR;
				GCC_WARN_UNDECLARED_SELECTOR = YES;
				GCC_WARN_UNINITIALIZED_AUTOS = YES_AGGRESSIVE;
				GCC_WARN_UNUSED_FUNCTION = YES;
				GCC_WARN_UNUSED_VARIABLE = YES;
				IPHONEOS_DEPLOYMENT_TARGET = 9.3;
				MTL_ENABLE_DEBUG_INFO = NO;
				SDKROOT = iphoneos;
				TARGETED_DEVICE_FAMILY = "1,2";
				VALIDATE_PRODUCT = YES;
			};
			name = Release;
		};
		264EBB8C1D2E023D00FF8373 /* Debug */ = {
			isa = XCBuildConfiguration;
			baseConfigurationReference = 565A3BAEBC81E00A178005D9 /* Pods-IBLWorkFlow.debug.xcconfig */;
			buildSettings = {
				ASSETCATALOG_COMPILER_APPICON_NAME = AppIcon;
				INFOPLIST_FILE = IBLWorkFlow/Info.plist;
				LD_RUNPATH_SEARCH_PATHS = "$(inherited) @executable_path/Frameworks";
				PRODUCT_BUNDLE_IDENTIFIER = com.ibilling.iblworkflow.IBLWorkFlow;
				PRODUCT_NAME = "$(TARGET_NAME)";
			};
			name = Debug;
		};
		264EBB8D1D2E023D00FF8373 /* Release */ = {
			isa = XCBuildConfiguration;
			baseConfigurationReference = 4421433E1B53EEC5E521C458 /* Pods-IBLWorkFlow.release.xcconfig */;
			buildSettings = {
				ASSETCATALOG_COMPILER_APPICON_NAME = AppIcon;
				INFOPLIST_FILE = IBLWorkFlow/Info.plist;
				LD_RUNPATH_SEARCH_PATHS = "$(inherited) @executable_path/Frameworks";
				PRODUCT_BUNDLE_IDENTIFIER = com.ibilling.iblworkflow.IBLWorkFlow;
				PRODUCT_NAME = "$(TARGET_NAME)";
			};
			name = Release;
		};
		264EBB8F1D2E023D00FF8373 /* Debug */ = {
			isa = XCBuildConfiguration;
			baseConfigurationReference = 71CE4008BC85C8F72C9CAFDA /* Pods-IBLWorkFlowTests.debug.xcconfig */;
			buildSettings = {
				BUNDLE_LOADER = "$(TEST_HOST)";
				INFOPLIST_FILE = IBLWorkFlowTests/Info.plist;
				LD_RUNPATH_SEARCH_PATHS = "$(inherited) @executable_path/Frameworks @loader_path/Frameworks";
				PRODUCT_BUNDLE_IDENTIFIER = com.ibilling.iblworkflow.IBLWorkFlowTests;
				PRODUCT_NAME = "$(TARGET_NAME)";
				TEST_HOST = "$(BUILT_PRODUCTS_DIR)/IBLWorkFlow.app/IBLWorkFlow";
			};
			name = Debug;
		};
		264EBB901D2E023D00FF8373 /* Release */ = {
			isa = XCBuildConfiguration;
			baseConfigurationReference = 913F6EEE4C94B3F5A9F26D48 /* Pods-IBLWorkFlowTests.release.xcconfig */;
			buildSettings = {
				BUNDLE_LOADER = "$(TEST_HOST)";
				INFOPLIST_FILE = IBLWorkFlowTests/Info.plist;
				LD_RUNPATH_SEARCH_PATHS = "$(inherited) @executable_path/Frameworks @loader_path/Frameworks";
				PRODUCT_BUNDLE_IDENTIFIER = com.ibilling.iblworkflow.IBLWorkFlowTests;
				PRODUCT_NAME = "$(TARGET_NAME)";
				TEST_HOST = "$(BUILT_PRODUCTS_DIR)/IBLWorkFlow.app/IBLWorkFlow";
			};
			name = Release;
		};
		264EBB921D2E023D00FF8373 /* Debug */ = {
			isa = XCBuildConfiguration;
			baseConfigurationReference = 3827AAE8534D1CF41CA1D789 /* Pods-IBLWorkFlowUITests.debug.xcconfig */;
			buildSettings = {
				INFOPLIST_FILE = IBLWorkFlowUITests/Info.plist;
				LD_RUNPATH_SEARCH_PATHS = "$(inherited) @executable_path/Frameworks @loader_path/Frameworks";
				PRODUCT_BUNDLE_IDENTIFIER = com.ibilling.iblworkflow.IBLWorkFlowUITests;
				PRODUCT_NAME = "$(TARGET_NAME)";
				TEST_TARGET_NAME = IBLWorkFlow;
			};
			name = Debug;
		};
		264EBB931D2E023D00FF8373 /* Release */ = {
			isa = XCBuildConfiguration;
			baseConfigurationReference = 3BC523A9AC89C5F1273C45C7 /* Pods-IBLWorkFlowUITests.release.xcconfig */;
			buildSettings = {
				INFOPLIST_FILE = IBLWorkFlowUITests/Info.plist;
				LD_RUNPATH_SEARCH_PATHS = "$(inherited) @executable_path/Frameworks @loader_path/Frameworks";
				PRODUCT_BUNDLE_IDENTIFIER = com.ibilling.iblworkflow.IBLWorkFlowUITests;
				PRODUCT_NAME = "$(TARGET_NAME)";
				TEST_TARGET_NAME = IBLWorkFlow;
			};
			name = Release;
		};
/* End XCBuildConfiguration section */

/* Begin XCConfigurationList section */
		264EBB591D2E023C00FF8373 /* Build configuration list for PBXProject "IBLWorkFlow" */ = {
			isa = XCConfigurationList;
			buildConfigurations = (
				264EBB891D2E023D00FF8373 /* Debug */,
				264EBB8A1D2E023D00FF8373 /* Release */,
			);
			defaultConfigurationIsVisible = 0;
			defaultConfigurationName = Release;
		};
		264EBB8B1D2E023D00FF8373 /* Build configuration list for PBXNativeTarget "IBLWorkFlow" */ = {
			isa = XCConfigurationList;
			buildConfigurations = (
				264EBB8C1D2E023D00FF8373 /* Debug */,
				264EBB8D1D2E023D00FF8373 /* Release */,
			);
			defaultConfigurationIsVisible = 0;
			defaultConfigurationName = Release;
		};
		264EBB8E1D2E023D00FF8373 /* Build configuration list for PBXNativeTarget "IBLWorkFlowTests" */ = {
			isa = XCConfigurationList;
			buildConfigurations = (
				264EBB8F1D2E023D00FF8373 /* Debug */,
				264EBB901D2E023D00FF8373 /* Release */,
			);
			defaultConfigurationIsVisible = 0;
			defaultConfigurationName = Release;
		};
		264EBB911D2E023D00FF8373 /* Build configuration list for PBXNativeTarget "IBLWorkFlowUITests" */ = {
			isa = XCConfigurationList;
			buildConfigurations = (
				264EBB921D2E023D00FF8373 /* Debug */,
				264EBB931D2E023D00FF8373 /* Release */,
			);
			defaultConfigurationIsVisible = 0;
			defaultConfigurationName = Release;
		};
/* End XCConfigurationList section */
	};
	rootObject = 264EBB561D2E023C00FF8373 /* Project object */;
}
